
Microsoft Visual Studio Solution File, Format Version 11.00
# Visual Studio 2010
Project("{FAE04EC0-301F-11D3-BF4B-00C04F79EFBC}") = "WindowsFormsApplicationmodul", "WindowsFormsApplicationmodul\WindowsFormsApplicationmodul.csproj", "{5A1DC4F5-F247-499C-A2D7-ED944D8B59AC}"
EndProject
Global
	GlobalSection(SolutionConfigurationPlatforms) = preSolution
		Debug|x86 = Debug|x86
		Release|x86 = Release|x86
	EndGlobalSection
	GlobalSection(ProjectConfigurationPlatforms) = postSolution
		{5A1DC4F5-F247-499C-A2D7-ED944D8B59AC}.Debug|x86.ActiveCfg = Debug|x86
		{5A1DC4F5-F247-499C-A2D7-ED944D8B59AC}.Debug|x86.Build.0 = Debug|x86
		{5A1DC4F5-F247-499C-A2D7-ED944D8B59AC}.Release|x86.ActiveCfg = Release|x86
		{5A1DC4F5-F247-499C-A2D7-ED944D8B59AC}.Release|x86.Build.0 = Release|x86
	EndGlobalSection
	GlobalSection(SolutionProperties) = preSolution
		HideSolutionNode = FALSE
	EndGlobalSection
EndGlobal
